
Microsoft Visual Studio Solution File, Format Version 12.00
# Visual Studio Version 16
VisualStudioVersion = 16.0.28407.52
MinimumVisualStudioVersion = 10.0.40219.1
Project("{9A19103F-16F7-4668-BE54-9A1E7A4F7556}") = "BiblioMit", "BiblioMit\BiblioMit.csproj", "{412A991A-FFA4-471C-96B6-616218B1161B}"
EndProject
Global
	GlobalSection(SolutionConfigurationPlatforms) = preSolution
		Debug|Any CPU = Debug|Any CPU
		Release|Any CPU = Release|Any CPU
	EndGlobalSection
	GlobalSection(ProjectConfigurationPlatforms) = postSolution
		{412A991A-FFA4-471C-96B6-616218B1161B}.Debug|Any CPU.ActiveCfg = Debug|Any CPU
		{412A991A-FFA4-471C-96B6-616218B1161B}.Debug|Any CPU.Build.0 = Debug|Any CPU
		{412A991A-FFA4-471C-96B6-616218B1161B}.Release|Any CPU.ActiveCfg = Release|Any CPU
		{412A991A-FFA4-471C-96B6-616218B1161B}.Release|Any CPU.Build.0 = Release|Any CPU
	EndGlobalSection
	GlobalSection(SolutionProperties) = preSolution
		HideSolutionNode = FALSE
	EndGlobalSection
	GlobalSection(ExtensibilityGlobals) = postSolution
		SolutionGuid = {9131F794-8384-4977-A961-D41FA09F873F}
	EndGlobalSection
EndGlobal
